
Microsoft Visual Studio Solution File, Format Version 12.00
# Visual Studio 15
VisualStudioVersion = 15.0.26430.6
MinimumVisualStudioVersion = 10.0.40219.1
Project("{FAE04EC0-301F-11D3-BF4B-00C04F79EFBC}") = "InCollege.Client", "InCollege\InCollege.Client.csproj", "{379036D8-95D5-41D3-B930-A8C9F3D40F55}"
EndProject
Project("{FAE04EC0-301F-11D3-BF4B-00C04F79EFBC}") = "InCollege.Core", "InCollege.Core\InCollege.Core.csproj", "{B4275E83-12D6-4856-B9D7-6965D4098CFE}"
EndProject
Project("{FAE04EC0-301F-11D3-BF4B-00C04F79EFBC}") = "InCollege.Server", "InCollege.Server\InCollege.Server.csproj", "{A9BAC3FA-E5CC-408B-BF59-0880747617DA}"
EndProject
Project("{FAE04EC0-301F-11D3-BF4B-00C04F79EFBC}") = "InCollege.Installer", "InCollege.Installer\InCollege.Installer.csproj", "{FC307E61-696E-4790-80BA-49EA6B229912}"
EndProject
Global
	GlobalSection(SolutionConfigurationPlatforms) = preSolution
		Debug|Any CPU = Debug|Any CPU
		Release|Any CPU = Release|Any CPU
	EndGlobalSection
	GlobalSection(ProjectConfigurationPlatforms) = postSolution
		{379036D8-95D5-41D3-B930-A8C9F3D40F55}.Debug|Any CPU.ActiveCfg = Debug|Any CPU
		{379036D8-95D5-41D3-B930-A8C9F3D40F55}.Debug|Any CPU.Build.0 = Debug|Any CPU
		{379036D8-95D5-41D3-B930-A8C9F3D40F55}.Release|Any CPU.ActiveCfg = Release|Any CPU
		{379036D8-95D5-41D3-B930-A8C9F3D40F55}.Release|Any CPU.Build.0 = Release|Any CPU
		{B4275E83-12D6-4856-B9D7-6965D4098CFE}.Debug|Any CPU.ActiveCfg = Debug|Any CPU
		{B4275E83-12D6-4856-B9D7-6965D4098CFE}.Debug|Any CPU.Build.0 = Debug|Any CPU
		{B4275E83-12D6-4856-B9D7-6965D4098CFE}.Release|Any CPU.ActiveCfg = Release|Any CPU
		{B4275E83-12D6-4856-B9D7-6965D4098CFE}.Release|Any CPU.Build.0 = Release|Any CPU
		{A9BAC3FA-E5CC-408B-BF59-0880747617DA}.Debug|Any CPU.ActiveCfg = Debug|Any CPU
		{A9BAC3FA-E5CC-408B-BF59-0880747617DA}.Debug|Any CPU.Build.0 = Debug|Any CPU
		{A9BAC3FA-E5CC-408B-BF59-0880747617DA}.Release|Any CPU.ActiveCfg = Release|Any CPU
		{A9BAC3FA-E5CC-408B-BF59-0880747617DA}.Release|Any CPU.Build.0 = Release|Any CPU
		{FC307E61-696E-4790-80BA-49EA6B229912}.Debug|Any CPU.ActiveCfg = Debug|Any CPU
		{FC307E61-696E-4790-80BA-49EA6B229912}.Debug|Any CPU.Build.0 = Debug|Any CPU
		{FC307E61-696E-4790-80BA-49EA6B229912}.Release|Any CPU.ActiveCfg = Release|Any CPU
		{FC307E61-696E-4790-80BA-49EA6B229912}.Release|Any CPU.Build.0 = Release|Any CPU
	EndGlobalSection
	GlobalSection(SolutionProperties) = preSolution
		HideSolutionNode = FALSE
	EndGlobalSection
EndGlobal
